
Microsoft Visual Studio Solution File, Format Version 12.00
# Visual Studio Version 17
VisualStudioVersion = 17.4.33122.133
MinimumVisualStudioVersion = 10.0.40219.1
Project("{FAE04EC0-301F-11D3-BF4B-00C04F79EFBC}") = "teste", "teste.csproj", "{87BCA9E2-F0CE-4279-B7CC-3C1C433183BB}"
EndProject
Global
	GlobalSection(SolutionConfigurationPlatforms) = preSolution
		Debug|Any CPU = Debug|Any CPU
		Release|Any CPU = Release|Any CPU
	EndGlobalSection
	GlobalSection(ProjectConfigurationPlatforms) = postSolution
		{87BCA9E2-F0CE-4279-B7CC-3C1C433183BB}.Debug|Any CPU.ActiveCfg = Debug|Any CPU
		{87BCA9E2-F0CE-4279-B7CC-3C1C433183BB}.Debug|Any CPU.Build.0 = Debug|Any CPU
		{87BCA9E2-F0CE-4279-B7CC-3C1C433183BB}.Release|Any CPU.ActiveCfg = Release|Any CPU
		{87BCA9E2-F0CE-4279-B7CC-3C1C433183BB}.Release|Any CPU.Build.0 = Release|Any CPU
	EndGlobalSection
	GlobalSection(SolutionProperties) = preSolution
		HideSolutionNode = FALSE
	EndGlobalSection
	GlobalSection(ExtensibilityGlobals) = postSolution
		SolutionGuid = {EE75CC11-DC2B-4966-B66F-FE117C20211B}
	EndGlobalSection
EndGlobal
